<?xml version="1.0" encoding="utf-8"?>
<Project xmlns="http://schemas.microsoft.com/developer/msbuild/2003" ToolsVersion="4.0">
  <ItemGroup>
    <Filter Include="Header Files">
      <UniqueIdentifier>{4D1BFFCC-9CEB-4ABF-A951-582870FE71FD}</UniqueIdentifier>
      <Extensions>h;hpp;hxx;hm;inl;inc;xsd</Extensions>
    </Filter>
    <Filter Include="Header Files\TouchGFX">
      <UniqueIdentifier>{29C60541-803D-4F43-8683-028D9DA5E0CB}</UniqueIdentifier>
    </Filter>
    <Filter Include="Header Files\TouchGFX\common">
      <UniqueIdentifier>{AF2BF67C-89EC-4545-B0D2-5BD6803628D4}</UniqueIdentifier>
    </Filter>
    <Filter Include="Header Files\TouchGFX\mvp">
      <UniqueIdentifier>{A8F51E02-A400-49F1-AC86-371872A7E5E6}</UniqueIdentifier>
    </Filter>
    <Filter Include="Header Files\TouchGFX\platform">
      <UniqueIdentifier>{493CF637-721C-4516-8638-3EE4790FB455}</UniqueIdentifier>
    </Filter>
    <Filter Include="Header Files\TouchGFX\touchgfx">
      <UniqueIdentifier>{7187028B-6482-4EB3-8556-EECD38E0636B}</UniqueIdentifier>
    </Filter>
    <Filter Include="Header Files\TouchGFX\platform\driver">
      <UniqueIdentifier>{D2E6B448-6B79-434F-A8EB-C8F8415957E9}</UniqueIdentifier>
    </Filter>
    <Filter Include="Header Files\TouchGFX\platform\hal">
      <UniqueIdentifier>{07737357-9365-4A8F-B2F6-908B5FC4E808}</UniqueIdentifier>
    </Filter>
    <Filter Include="Header Files\TouchGFX\touchgfx\canvas_widget_renderer">
      <UniqueIdentifier>{085B248B-6BE1-4BF8-9913-35526BAEE4C7}</UniqueIdentifier>
    </Filter>
    <Filter Include="Header Files\TouchGFX\touchgfx\containers">
      <UniqueIdentifier>{E08C6B18-2F0E-4861-87D5-80FB0411017E}</UniqueIdentifier>
    </Filter>
    <Filter Include="Header Files\TouchGFX\touchgfx\events">
      <UniqueIdentifier>{29D72404-E5CB-472C-B00F-3784DF3CCD1E}</UniqueIdentifier>
    </Filter>
    <Filter Include="Header Files\TouchGFX\touchgfx\hal">
      <UniqueIdentifier>{09561B72-532B-45EB-8E32-CAA31C349F83}</UniqueIdentifier>
    </Filter>
    <Filter Include="Header Files\TouchGFX\touchgfx\lcd">
      <UniqueIdentifier>{A89B6308-CBC1-48EC-BF14-B3C6106FACCE}</UniqueIdentifier>
    </Filter>
    <Filter Include="Header Files\TouchGFX\touchgfx\mixins">
      <UniqueIdentifier>{DB82A963-BE52-4494-BD5E-358C5E79C081}</UniqueIdentifier>
    </Filter>
    <Filter Include="Header Files\TouchGFX\touchgfx\transforms">
      <UniqueIdentifier>{509E01BB-FBF4-4198-B748-936C1B67839A}</UniqueIdentifier>
    </Filter>
    <Filter Include="Header Files\TouchGFX\touchgfx\transitions">
      <UniqueIdentifier>{3F023E56-225A-4D4C-9D20-74447A23BAD9}</UniqueIdentifier>
    </Filter>
    <Filter Include="Header Files\TouchGFX\touchgfx\widgets">
      <UniqueIdentifier>{0E9A8FD3-B71B-46B9-B1F6-3A18292FFAC4}</UniqueIdentifier>
    </Filter>
    <Filter Include="Header Files\TouchGFX\platform\driver\lcd">
      <UniqueIdentifier>{9B32A742-EBA9-4EBA-832E-0421D7E68BC5}</UniqueIdentifier>
    </Filter>
    <Filter Include="Header Files\TouchGFX\platform\driver\touch">
      <UniqueIdentifier>{8C31441B-2191-4B32-869D-7B253AECB28F}</UniqueIdentifier>
    </Filter>
    <Filter Include="Header Files\TouchGFX\platform\hal\simulator">
      <UniqueIdentifier>{464CC9FB-AFF6-4FFA-B4D8-BCAC4B2B8898}</UniqueIdentifier>
    </Filter>
    <Filter Include="Header Files\TouchGFX\touchgfx\containers\clock">
      <UniqueIdentifier>{B7237C13-DD69-4F78-8446-9A554431E3F8}</UniqueIdentifier>
    </Filter>
    <Filter Include="Header Files\TouchGFX\touchgfx\containers\progress_indicators">
      <UniqueIdentifier>{5E0E884F-0059-4306-94BA-3197219750E3}</UniqueIdentifier>
    </Filter>
    <Filter Include="Header Files\TouchGFX\touchgfx\widgets\canvas">
      <UniqueIdentifier>{DBFF640A-BD63-40BC-A0A5-2468BC461037}</UniqueIdentifier>
    </Filter>
    <Filter Include="Header Files\TouchGFX\platform\hal\simulator\sdl2">
      <UniqueIdentifier>{EA3962C0-553C-4CFD-A89B-A116A9493818}</UniqueIdentifier>
    </Filter>
    <Filter Include="Resource Files">
      <UniqueIdentifier>{92BBFF14-FBDB-4755-BA47-A830D863D92B}</UniqueIdentifier>
      <Extensions>rc;ico;cur;bmp;dlg;rc2;rct;bin;rgs;gif;jpg;jpeg;jpe;resx;tiff;tif;ttf;otf;bdf;png;wav;xlsx;props;mfcribbon-ms</Extensions>
    </Filter>
    <Filter Include="Resource Files\assets">
      <UniqueIdentifier>{AF899B0F-78BE-47F9-A912-E92CB9156E40}</UniqueIdentifier>
    </Filter>
    <Filter Include="Resource Files\config">
      <UniqueIdentifier>{29E8A9F8-6504-4625-AB47-671A3F665E51}</UniqueIdentifier>
    </Filter>
    <Filter Include="Resource Files\assets\texts">
      <UniqueIdentifier>{382278FD-2B19-4E89-AE4F-24AF77E7A270}</UniqueIdentifier>
    </Filter>
    <Filter Include="Resource Files\config\msvs">
      <UniqueIdentifier>{C24EAEDB-9A3F-43DC-87FB-C7AC2729A078}</UniqueIdentifier>
    </Filter>
    <Filter Include="Source Files">
      <UniqueIdentifier>{2F3FC0AA-97C4-4366-9939-94A0FF4E028C}</UniqueIdentifier>
      <Extensions>cpp;c;cc;cxx;def;odl;idl;hpj;bat;asm;asmx</Extensions>
    </Filter>
    <Filter Include="Source Files\TouchGFX">
      <UniqueIdentifier>{C07B02A9-A55E-47AA-AD61-59A6AAD754E6}</UniqueIdentifier>
    </Filter>
    <Filter Include="Source Files\TouchGFX\platform">
      <UniqueIdentifier>{33EDC2DB-AF72-480C-92E5-2A2833BCAB6F}</UniqueIdentifier>
    </Filter>
    <Filter Include="Source Files\TouchGFX\platform\driver">
      <UniqueIdentifier>{1D8EFD90-430A-4539-9080-16A38861D20A}</UniqueIdentifier>
    </Filter>
    <Filter Include="Source Files\TouchGFX\platform\hal">
      <UniqueIdentifier>{E8DECBF2-0C8E-4397-8603-3101D6F922D6}</UniqueIdentifier>
    </Filter>
    <Filter Include="Source Files\TouchGFX\platform\driver\touch">
      <UniqueIdentifier>{40F0D55D-79D9-488A-AF83-ADC96179EADF}</UniqueIdentifier>
    </Filter>
    <Filter Include="Source Files\TouchGFX\platform\hal\simulator">
      <UniqueIdentifier>{3FB50DD5-31DA-4042-B7FD-2151C58CDA80}</UniqueIdentifier>
    </Filter>
    <Filter Include="Source Files\TouchGFX\platform\hal\simulator\sdl2">
      <UniqueIdentifier>{B48CB42B-0F9E-4815-BFE1-1ACC1150ED8A}</UniqueIdentifier>
    </Filter>
    <Filter Include="Source Files\gui">
      <UniqueIdentifier>43A3EC4C-E659-45F8-96C4-A36FB15B299E</UniqueIdentifier>
    </Filter>
    <Filter Include="Header Files\generated">
      <UniqueIdentifier>5D66CC0A-1CEE-403A-931E-36BFC4C6596D</UniqueIdentifier>
    </Filter>
    <Filter Include="Header Files\gui">
      <UniqueIdentifier>F32622DF-6A6B-458B-9B25-3A31EACCEBF2</UniqueIdentifier>
    </Filter>
    <Filter Include="Source Files\generated">
      <UniqueIdentifier>562C6ED8-11EA-411E-8373-A6BDD91B5EF1</UniqueIdentifier>
    </Filter>
    <Filter Include="Header Files\generated\gui_generated">
      <UniqueIdentifier>A2938C60-4156-4411-B794-6D4F6FB48599</UniqueIdentifier>
    </Filter>
    <Filter Include="Source Files\generated\gui_generated">
      <UniqueIdentifier>4605B76B-F2B0-4321-B129-A54AD6B9EB07</UniqueIdentifier>
    </Filter>
    <Filter Include="Header Files\gui\common">
      <UniqueIdentifier>4F513137-45B8-481F-A053-01EFB38B6E90</UniqueIdentifier>
    </Filter>
    <Filter Include="Source Files\gui\common">
      <UniqueIdentifier>430FBCDC-0AA8-4538-8D34-A02E02B3CC1E</UniqueIdentifier>
    </Filter>
    <Filter Include="Header Files\generated\gui_generated\common">
      <UniqueIdentifier>F821525D-84A6-40CA-B613-D24730771B4C</UniqueIdentifier>
    </Filter>
    <Filter Include="Source Files\generated\gui_generated\common">
      <UniqueIdentifier>1295DB81-81A4-4C46-B6B8-8DD605BF18F9</UniqueIdentifier>
    </Filter>
    <Filter Include="Source Files\gui\screen_main_screen">
      <UniqueIdentifier>92706F50-4868-4124-97FE-8EDD182595A5</UniqueIdentifier>
    </Filter>
    <Filter Include="Header Files\gui\screen_main_screen">
      <UniqueIdentifier>E8C7F93A-FF21-44C2-BF47-DC531B47502B</UniqueIdentifier>
    </Filter>
    <Filter Include="Header Files\generated\gui_generated\screen_main_screen">
      <UniqueIdentifier>983A28C4-9320-43A2-BE0F-E4CABF2BF548</UniqueIdentifier>
    </Filter>
    <Filter Include="Source Files\generated\gui_generated\screen_main_screen">
      <UniqueIdentifier>7127289A-87C9-4B0A-BA9D-9536FCFFA5B9</UniqueIdentifier>
    </Filter>
    <Filter Include="Source Files\gui\model">
      <UniqueIdentifier>4445967A-4F63-4859-8F09-81D3AF96A1C8</UniqueIdentifier>
    </Filter>
    <Filter Include="Header Files\gui\model">
      <UniqueIdentifier>61402186-D0B7-4338-8F4B-3414D10AC55B</UniqueIdentifier>
    </Filter>
    <Filter Include="Source Files\gui\template_screen">
      <UniqueIdentifier>7840D4F0-5480-4361-B9D2-11C08903E9BD</UniqueIdentifier>
    </Filter>
    <Filter Include="Header Files\gui\template_screen">
      <UniqueIdentifier>60F53513-5A27-455A-BD85-7A4DE73AB24B</UniqueIdentifier>
    </Filter>
    <Filter Include="Header Files\generated\gui_generated\template_screen">
      <UniqueIdentifier>74259D69-220F-4936-9971-9EA7547E6B12</UniqueIdentifier>
    </Filter>
    <Filter Include="Source Files\generated\gui_generated\template_screen">
      <UniqueIdentifier>C129E186-CB7F-40FA-A302-E99B2FA3CB28</UniqueIdentifier>
    </Filter>
    <Filter Include="Header Files\gui\screen_module1_settings_screen">
      <UniqueIdentifier>8E70D4A3-6AA5-47CB-94BE-05A35CB9E07B</UniqueIdentifier>
    </Filter>
    <Filter Include="Source Files\gui\screen_module1_settings_screen">
      <UniqueIdentifier>147D2FF6-58F5-4F5A-BDB0-3E367C58AEDD</UniqueIdentifier>
    </Filter>
    <Filter Include="Source Files\generated\gui_generated\screen_module1_settings_screen">
      <UniqueIdentifier>181F6C54-E164-49E1-BBB2-C5625433AA51</UniqueIdentifier>
    </Filter>
    <Filter Include="Header Files\generated\gui_generated\screen_module1_settings_screen">
      <UniqueIdentifier>FE05515B-BD0E-4A8D-903C-43EDF35F0591</UniqueIdentifier>
    </Filter>
    <Filter Include="Source Files\gui\screen_module1_graph_screen">
      <UniqueIdentifier>A2C258F4-95C8-4EB2-9E59-8F1FF5850AF4</UniqueIdentifier>
    </Filter>
    <Filter Include="Header Files\gui\screen_module1_graph_screen">
      <UniqueIdentifier>D2B55DC9-6EBE-42DB-BF63-E939F8A71159</UniqueIdentifier>
    </Filter>
    <Filter Include="Source Files\generated\gui_generated\screen_module1_graph_screen">
      <UniqueIdentifier>CD3E3220-FCA9-4EAA-AC65-EEB4AB85D5F1</UniqueIdentifier>
    </Filter>
    <Filter Include="Header Files\generated\gui_generated\screen_module1_graph_screen">
      <UniqueIdentifier>4011871B-CA86-461D-B22E-1C4C90FF990E</UniqueIdentifier>
    </Filter>
    <Filter Include="Source Files\gui\screen_module1_data_screen">
      <UniqueIdentifier>844B2EB7-576B-4334-963F-41CF249DE137</UniqueIdentifier>
    </Filter>
    <Filter Include="Header Files\gui\screen_module1_data_screen">
      <UniqueIdentifier>379C526A-5057-46B0-A8EF-1B93B21782D4</UniqueIdentifier>
    </Filter>
    <Filter Include="Source Files\generated\gui_generated\screen_module1_data_screen">
      <UniqueIdentifier>50B87199-6556-4184-AC10-7EE91A476549</UniqueIdentifier>
    </Filter>
    <Filter Include="Header Files\generated\gui_generated\screen_module1_data_screen">
      <UniqueIdentifier>E9974424-48B1-43D5-ABE7-F94CB7892BE8</UniqueIdentifier>
    </Filter>
    <Filter Include="Source Files\gui\screen_module2_data_screen">
      <UniqueIdentifier>5DC1E7E3-B1F6-407A-A17A-7246527ED5FE</UniqueIdentifier>
    </Filter>
    <Filter Include="Header Files\gui\screen_module2_data_screen">
      <UniqueIdentifier>254227E0-1653-4C87-97D4-E1DC506CFADE</UniqueIdentifier>
    </Filter>
    <Filter Include="Header Files\generated\gui_generated\screen_module2_data_screen">
      <UniqueIdentifier>8D451D33-F29A-498F-BBF8-E855B3D25278</UniqueIdentifier>
    </Filter>
    <Filter Include="Source Files\generated\gui_generated\screen_module2_data_screen">
      <UniqueIdentifier>7E7A2E68-2168-4567-95CD-9B8018997DF6</UniqueIdentifier>
    </Filter>
    <Filter Include="Source Files\gui\screen_module2_settings_screen">
      <UniqueIdentifier>35C107F8-16B5-441D-BDB6-D1F5E64CF164</UniqueIdentifier>
    </Filter>
    <Filter Include="Header Files\gui\screen_module2_settings_screen">
      <UniqueIdentifier>9C82CDBB-CAE9-4BF0-940F-507D7D446E16</UniqueIdentifier>
    </Filter>
    <Filter Include="Header Files\generated\gui_generated\screen_module2_settings_screen">
      <UniqueIdentifier>1B193E4E-D252-4C51-86F7-FBFA84CD71B3</UniqueIdentifier>
    </Filter>
    <Filter Include="Source Files\generated\gui_generated\screen_module2_settings_screen">
      <UniqueIdentifier>397F2F90-3AF2-44F1-A8B4-61241844E656</UniqueIdentifier>
    </Filter>
    <Filter Include="Source Files\gui\screen_module2_graph_screen">
      <UniqueIdentifier>8DCE4345-F096-4253-8BC4-5801F32D5FBD</UniqueIdentifier>
    </Filter>
    <Filter Include="Header Files\gui\screen_module2_graph_screen">
      <UniqueIdentifier>AA2A80CC-078F-458A-A0A0-FDE69FDE6736</UniqueIdentifier>
    </Filter>
    <Filter Include="Source Files\generated\gui_generated\screen_module2_graph_screen">
      <UniqueIdentifier>5878C390-34E7-4D30-B502-09CBAD56ADFF</UniqueIdentifier>
    </Filter>
    <Filter Include="Header Files\generated\gui_generated\screen_module2_graph_screen">
      <UniqueIdentifier>D3D6E511-DBB4-423B-A932-C8C6D5DA303A</UniqueIdentifier>
    </Filter>
    <Filter Include="Source Files\gui\screen_uart_rx_debug_screen">
      <UniqueIdentifier>741444E6-68BB-4280-A5BD-02F624B1C0C5</UniqueIdentifier>
    </Filter>
    <Filter Include="Header Files\gui\screen_uart_rx_debug_screen">
      <UniqueIdentifier>3EF07543-3565-4E78-9FD4-7370A7F8904D</UniqueIdentifier>
    </Filter>
    <Filter Include="Header Files\generated\gui_generated\screen_uart_rx_debug_screen">
      <UniqueIdentifier>7D053DA9-15E1-47BB-A51F-F1672B1C5E0A</UniqueIdentifier>
    </Filter>
    <Filter Include="Source Files\generated\gui_generated\screen_uart_rx_debug_screen">
      <UniqueIdentifier>1CABDA96-5F26-4721-91E0-EE36DF62D2F5</UniqueIdentifier>
    </Filter>
    <Filter Include="Source Files\gui\screen_module1_info_screen">
      <UniqueIdentifier>FD63DF0D-EE63-42F4-AD1D-524F1D335E02</UniqueIdentifier>
    </Filter>
    <Filter Include="Header Files\gui\screen_module1_info_screen">
      <UniqueIdentifier>92340102-3C0F-43A3-B224-28F3685525AF</UniqueIdentifier>
    </Filter>
    <Filter Include="Source Files\generated\gui_generated\screen_module1_info_screen">
      <UniqueIdentifier>58DF7C40-6D6E-45FF-93F5-B5F949670BFF</UniqueIdentifier>
    </Filter>
    <Filter Include="Header Files\generated\gui_generated\screen_module1_info_screen">
      <UniqueIdentifier>005F988E-3430-4941-80B7-912BBB1F30C2</UniqueIdentifier>
    </Filter>
    <Filter Include="Source Files\gui\screen_module1_signals_screen">
      <UniqueIdentifier>F4F8809C-A0FB-4A5F-9CD2-E8A9798CF87E</UniqueIdentifier>
    </Filter>
    <Filter Include="Header Files\gui\screen_module1_signals_screen">
      <UniqueIdentifier>C531F88E-F0EA-4260-8414-E3BDBD4D7568</UniqueIdentifier>
    </Filter>
    <Filter Include="Source Files\generated\gui_generated\screen_module1_signals_screen">
      <UniqueIdentifier>91CF18B5-AD85-46CE-BB1D-B5CFE9356A40</UniqueIdentifier>
    </Filter>
    <Filter Include="Header Files\generated\gui_generated\screen_module1_signals_screen">
      <UniqueIdentifier>06147071-7304-4193-A565-366D5CF37DC1</UniqueIdentifier>
    </Filter>
    <Filter Include="Header Files\gui\screen1_screen">
      <UniqueIdentifier>38746458-2041-45AD-9076-C018CDA9625A</UniqueIdentifier>
    </Filter>
    <Filter Include="Source Files\gui\screen1_screen">
      <UniqueIdentifier>5EF8B679-8450-4EAE-9AB6-163086EB761D</UniqueIdentifier>
    </Filter>
    <Filter Include="Source Files\generated\gui_generated\screen1_screen">
      <UniqueIdentifier>7E8665F6-C086-45DE-B821-BED7B1092BD0</UniqueIdentifier>
    </Filter>
    <Filter Include="Header Files\generated\gui_generated\screen1_screen">
      <UniqueIdentifier>3DA4C38B-BAAD-4569-B526-18FF694E285D</UniqueIdentifier>
    </Filter>
    <Filter Include="Header Files\gui\containers">
      <UniqueIdentifier>4CE6675F-FC51-4104-9E2D-0D7A97BB01CF</UniqueIdentifier>
    </Filter>
    <Filter Include="Source Files\gui\containers">
      <UniqueIdentifier>28095D4A-FD31-42AA-8734-D736C39111DA</UniqueIdentifier>
    </Filter>
    <Filter Include="Source Files\generated\gui_generated\containers">
      <UniqueIdentifier>FB468BA4-08F0-469A-9CE8-4B2489BDFF11</UniqueIdentifier>
    </Filter>
    <Filter Include="Header Files\generated\gui_generated\containers">
      <UniqueIdentifier>D5C92D5D-38DC-411C-99C5-995F48AA9A2B</UniqueIdentifier>
    </Filter>
    <Filter Include="Source Files\gui\include">
      <UniqueIdentifier>D619D55D-402A-C1AE-5E2F-3EE2C750F7B4</UniqueIdentifier>
    </Filter>
  </ItemGroup>
  <ItemGroup>
    <ClCompile Include="$(TouchGFXReleasePath)\framework\source\platform\driver\touch\SDL2TouchController.cpp">
      <Filter>Source Files\TouchGFX\platform\driver\touch</Filter>
    </ClCompile>
    <ClCompile Include="$(TouchGFXReleasePath)\framework\source\platform\hal\simulator\sdl2\HALSDL2.cpp">
      <Filter>Source Files\TouchGFX\platform\hal\simulator\sdl2</Filter>
    </ClCompile>
    <ClCompile Include="$(TouchGFXReleasePath)\framework\source\platform\hal\simulator\sdl2\HALSDL2_icon.cpp">
      <Filter>Source Files\TouchGFX\platform\hal\simulator\sdl2</Filter>
    </ClCompile>
    <ClCompile Include="$(TouchGFXReleasePath)\framework\source\platform\hal\simulator\sdl2\OSWrappers.cpp">
      <Filter>Source Files\TouchGFX\platform\hal\simulator\sdl2</Filter>
    </ClCompile>
    <ClCompile Include="..\main.cpp">
      <Filter>Source Files</Filter>
    </ClCompile>
    <ClCompile Include="..\..\gui\src\common\FrontendApplication.cpp">
      <Filter>Source Files\gui\common</Filter>
    </ClCompile>
    <ClCompile Include="..\..\generated\gui_generated\src\common\FrontendApplicationBase.cpp">
      <Filter>Source Files\generated\gui_generated\common</Filter>
    </ClCompile>
    <ClCompile Include="..\..\gui\src\screen_main_screen\Screen_MainPresenter.cpp">
      <Filter>Source Files\gui\screen_main_screen</Filter>
    </ClCompile>
    <ClCompile Include="..\..\gui\src\screen_main_screen\Screen_MainView.cpp">
      <Filter>Source Files\gui\screen_main_screen</Filter>
    </ClCompile>
    <ClCompile Include="..\..\generated\gui_generated\src\screen_main_screen\Screen_MainViewBase.cpp">
      <Filter>Source Files\generated\gui_generated\screen_main_screen</Filter>
    </ClCompile>
    <ClCompile Include="..\..\gui\src\model\Model.cpp">
      <Filter>Source Files\gui\model</Filter>
    </ClCompile>
    <ClCompile Include="..\..\gui\src\template_screen\TemplatePresenter.cpp">
      <Filter>Source Files\gui\template_screen</Filter>
    </ClCompile>
    <ClCompile Include="..\..\gui\src\template_screen\TemplateView.cpp">
      <Filter>Source Files\gui\template_screen</Filter>
    </ClCompile>
    <ClCompile Include="..\..\generated\gui_generated\src\template_screen\TemplateViewBase.cpp">
      <Filter>Source Files\generated\gui_generated\template_screen</Filter>
    </ClCompile>
    <ClCompile Include="..\..\gui\src\common\AbstractGraph.cpp">
      <Filter>Source Files\gui\common</Filter>
    </ClCompile>
    <ClCompile Include="..\..\gui\src\common\Graph.cpp">
      <Filter>Source Files\gui\common</Filter>
    </ClCompile>
    <ClCompile Include="..\..\gui\src\common\GraphLine.cpp">
      <Filter>Source Files\gui\common</Filter>
    </ClCompile>
    <ClCompile Include="..\..\gui\src\screen_module1_settings_screen\Screen_Module1_SettingsPresenter.cpp">
      <Filter>Source Files\gui\screen_module1_settings_screen</Filter>
    </ClCompile>
    <ClCompile Include="..\..\gui\src\screen_module1_settings_screen\Screen_Module1_SettingsView.cpp">
      <Filter>Source Files\gui\screen_module1_settings_screen</Filter>
    </ClCompile>
    <ClCompile Include="..\..\generated\gui_generated\src\screen_module1_settings_screen\Screen_Module1_SettingsViewBase.cpp">
      <Filter>Source Files\generated\gui_generated\screen_module1_settings_screen</Filter>
    </ClCompile>
    <ClCompile Include="..\..\gui\src\screen_module1_graph_screen\Screen_Module1_GraphPresenter.cpp">
      <Filter>Source Files\gui\screen_module1_graph_screen</Filter>
    </ClCompile>
    <ClCompile Include="..\..\gui\src\screen_module1_graph_screen\Screen_Module1_GraphView.cpp">
      <Filter>Source Files\gui\screen_module1_graph_screen</Filter>
    </ClCompile>
    <ClCompile Include="..\..\generated\gui_generated\src\screen_module1_graph_screen\Screen_Module1_GraphViewBase.cpp">
      <Filter>Source Files\generated\gui_generated\screen_module1_graph_screen</Filter>
    </ClCompile>
    <ClCompile Include="..\..\gui\src\screen_module1_data_screen\Screen_Module1_DataPresenter.cpp">
      <Filter>Source Files\gui\screen_module1_data_screen</Filter>
    </ClCompile>
    <ClCompile Include="..\..\gui\src\screen_module1_data_screen\Screen_Module1_DataView.cpp">
      <Filter>Source Files\gui\screen_module1_data_screen</Filter>
    </ClCompile>
    <ClCompile Include="..\..\generated\gui_generated\src\screen_module1_data_screen\Screen_Module1_DataViewBase.cpp">
      <Filter>Source Files\generated\gui_generated\screen_module1_data_screen</Filter>
    </ClCompile>
    <ClCompile Include="..\..\gui\src\screen_module2_data_screen\Screen_Module2_DataPresenter.cpp">
      <Filter>Source Files\gui\screen_module2_data_screen</Filter>
    </ClCompile>
    <ClCompile Include="..\..\gui\src\screen_module2_data_screen\Screen_Module2_DataView.cpp">
      <Filter>Source Files\gui\screen_module2_data_screen</Filter>
    </ClCompile>
    <ClCompile Include="..\..\generated\gui_generated\src\screen_module2_data_screen\Screen_Module2_DataViewBase.cpp">
      <Filter>Source Files\generated\gui_generated\screen_module2_data_screen</Filter>
    </ClCompile>
    <ClCompile Include="..\..\gui\src\screen_module2_settings_screen\Screen_Module2_SettingsPresenter.cpp">
      <Filter>Source Files\gui\screen_module2_settings_screen</Filter>
    </ClCompile>
    <ClCompile Include="..\..\gui\src\screen_module2_settings_screen\Screen_Module2_SettingsView.cpp">
      <Filter>Source Files\gui\screen_module2_settings_screen</Filter>
    </ClCompile>
    <ClCompile Include="..\..\generated\gui_generated\src\screen_module2_settings_screen\Screen_Module2_SettingsViewBase.cpp">
      <Filter>Source Files\generated\gui_generated\screen_module2_settings_screen</Filter>
    </ClCompile>
    <ClCompile Include="..\..\gui\src\screen_module2_graph_screen\Screen_Module2_GraphPresenter.cpp">
      <Filter>Source Files\gui\screen_module2_graph_screen</Filter>
    </ClCompile>
    <ClCompile Include="..\..\gui\src\screen_module2_graph_screen\Screen_Module2_GraphView.cpp">
      <Filter>Source Files\gui\screen_module2_graph_screen</Filter>
    </ClCompile>
    <ClCompile Include="..\..\generated\gui_generated\src\screen_module2_graph_screen\Screen_Module2_GraphViewBase.cpp">
      <Filter>Source Files\generated\gui_generated\screen_module2_graph_screen</Filter>
    </ClCompile>
    <ClCompile Include="..\..\gui\src\screen_uart_rx_debug_screen\Screen_UART_RX_DebugPresenter.cpp">
      <Filter>Source Files\gui\screen_uart_rx_debug_screen</Filter>
    </ClCompile>
    <ClCompile Include="..\..\gui\src\screen_uart_rx_debug_screen\Screen_UART_RX_DebugView.cpp">
      <Filter>Source Files\gui\screen_uart_rx_debug_screen</Filter>
    </ClCompile>
    <ClCompile Include="..\..\generated\gui_generated\src\screen_uart_rx_debug_screen\Screen_UART_RX_DebugViewBase.cpp">
      <Filter>Source Files\generated\gui_generated\screen_uart_rx_debug_screen</Filter>
    </ClCompile>
    <ClCompile Include="..\..\gui\src\screen_module1_info_screen\Screen_Module1_InfoPresenter.cpp">
      <Filter>Source Files\gui\screen_module1_info_screen</Filter>
    </ClCompile>
    <ClCompile Include="..\..\gui\src\screen_module1_info_screen\Screen_Module1_InfoView.cpp">
      <Filter>Source Files\gui\screen_module1_info_screen</Filter>
    </ClCompile>
    <ClCompile Include="..\..\generated\gui_generated\src\screen_module1_info_screen\Screen_Module1_InfoViewBase.cpp">
      <Filter>Source Files\generated\gui_generated\screen_module1_info_screen</Filter>
    </ClCompile>
    <ClCompile Include="..\..\gui\src\screen_module1_signals_screen\Screen_Module1_SignalsPresenter.cpp">
      <Filter>Source Files\gui\screen_module1_signals_screen</Filter>
    </ClCompile>
    <ClCompile Include="..\..\gui\src\screen_module1_signals_screen\Screen_Module1_SignalsView.cpp">
      <Filter>Source Files\gui\screen_module1_signals_screen</Filter>
    </ClCompile>
    <ClCompile Include="..\..\generated\gui_generated\src\screen_module1_signals_screen\Screen_Module1_SignalsViewBase.cpp">
      <Filter>Source Files\generated\gui_generated\screen_module1_signals_screen</Filter>
    </ClCompile>
    <ClCompile Include="..\..\gui\src\screen1_screen\Screen1Presenter.cpp">
      <Filter>Source Files\gui\screen1_screen</Filter>
    </ClCompile>
    <ClCompile Include="..\..\gui\src\screen1_screen\Screen1View.cpp">
      <Filter>Source Files\gui\screen1_screen</Filter>
    </ClCompile>
    <ClCompile Include="..\..\generated\gui_generated\src\screen1_screen\Screen1ViewBase.cpp">
      <Filter>Source Files\generated\gui_generated\screen1_screen</Filter>
    </ClCompile>
    <ClCompile Include="..\..\gui\src\containers\DigitTemplate.cpp">
      <Filter>Source Files\gui\containers</Filter>
    </ClCompile>
    <ClCompile Include="..\..\generated\gui_generated\src\containers\DigitTemplateBase.cpp">
      <Filter>Source Files\generated\gui_generated\containers</Filter>
    </ClCompile>
    <ClCompile Include="..\..\gui\src\init.cpp">
      <Filter>Source Files\gui</Filter>
    </ClCompile>
    <ClCompile Include="..\..\gui\src\utilities.cpp">
      <Filter>Source Files\gui</Filter>
    </ClCompile>
  </ItemGroup>
  <ItemGroup>
    <None Include="..\..\assets\texts\texts.xlsx">
      <Filter>Resource Files\assets\texts</Filter>
    </None>
    <None Include="..\..\config\msvs\Application.props">
      <Filter>Resource Files\config\msvs</Filter>
    </None>
  </ItemGroup>
  <ItemGroup>
    <ClInclude Include="$(TouchGFXReleasePath)\framework\include\common\AbstractPartition.hpp">
      <Filter>Header Files\TouchGFX\common</Filter>
    </ClInclude>
    <ClInclude Include="$(TouchGFXReleasePath)\framework\include\common\Meta.hpp">
      <Filter>Header Files\TouchGFX\common</Filter>
    </ClInclude>
    <ClInclude Include="$(TouchGFXReleasePath)\framework\include\common\Partition.hpp">
      <Filter>Header Files\TouchGFX\common</Filter>
    </ClInclude>
    <ClInclude Include="$(TouchGFXReleasePath)\framework\include\common\TouchGFXInit.hpp">
      <Filter>Header Files\TouchGFX\common</Filter>
    </ClInclude>
    <ClInclude Include="$(TouchGFXReleasePath)\framework\include\mvp\MVPApplication.hpp">
      <Filter>Header Files\TouchGFX\mvp</Filter>
    </ClInclude>
    <ClInclude Include="$(TouchGFXReleasePath)\framework\include\mvp\MVPHeap.hpp">
      <Filter>Header Files\TouchGFX\mvp</Filter>
    </ClInclude>
    <ClInclude Include="$(TouchGFXReleasePath)\framework\include\mvp\Presenter.hpp">
      <Filter>Header Files\TouchGFX\mvp</Filter>
    </ClInclude>
    <ClInclude Include="$(TouchGFXReleasePath)\framework\include\mvp\View.hpp">
      <Filter>Header Files\TouchGFX\mvp</Filter>
    </ClInclude>
    <ClInclude Include="$(TouchGFXReleasePath)\framework\include\platform\driver\lcd\LCD16bpp.hpp">
      <Filter>Header Files\TouchGFX\platform\driver\lcd</Filter>
    </ClInclude>
    <ClInclude Include="$(TouchGFXReleasePath)\framework\include\platform\driver\lcd\LCD1bpp.hpp">
      <Filter>Header Files\TouchGFX\platform\driver\lcd</Filter>
    </ClInclude>
    <ClInclude Include="$(TouchGFXReleasePath)\framework\include\platform\driver\lcd\LCD24bpp.hpp">
      <Filter>Header Files\TouchGFX\platform\driver\lcd</Filter>
    </ClInclude>
    <ClInclude Include="$(TouchGFXReleasePath)\framework\include\platform\driver\lcd\LCD2bpp.hpp">
      <Filter>Header Files\TouchGFX\platform\driver\lcd</Filter>
    </ClInclude>
    <ClInclude Include="$(TouchGFXReleasePath)\framework\include\platform\driver\lcd\LCD4bpp.hpp">
      <Filter>Header Files\TouchGFX\platform\driver\lcd</Filter>
    </ClInclude>
    <ClInclude Include="$(TouchGFXReleasePath)\framework\include\platform\driver\touch\SDL2TouchController.hpp">
      <Filter>Header Files\TouchGFX\platform\driver\touch</Filter>
    </ClInclude>
    <ClInclude Include="$(TouchGFXReleasePath)\framework\include\platform\hal\simulator\sdl2\HALSDL2.hpp">
      <Filter>Header Files\TouchGFX\platform\hal\simulator\sdl2</Filter>
    </ClInclude>
    <ClInclude Include="$(TouchGFXReleasePath)\framework\include\touchgfx\Application.hpp">
      <Filter>Header Files\TouchGFX\touchgfx</Filter>
    </ClInclude>
    <ClInclude Include="$(TouchGFXReleasePath)\framework\include\touchgfx\Bitmap.hpp">
      <Filter>Header Files\TouchGFX\touchgfx</Filter>
    </ClInclude>
    <ClInclude Include="$(TouchGFXReleasePath)\framework\include\touchgfx\Callback.hpp">
      <Filter>Header Files\TouchGFX\touchgfx</Filter>
    </ClInclude>
    <ClInclude Include="$(TouchGFXReleasePath)\framework\include\touchgfx\canvas_widget_renderer\CanvasWidgetRenderer.hpp">
      <Filter>Header Files\TouchGFX\touchgfx\canvas_widget_renderer</Filter>
    </ClInclude>
    <ClInclude Include="$(TouchGFXReleasePath)\framework\include\touchgfx\canvas_widget_renderer\Cell.hpp">
      <Filter>Header Files\TouchGFX\touchgfx\canvas_widget_renderer</Filter>
    </ClInclude>
    <ClInclude Include="$(TouchGFXReleasePath)\framework\include\touchgfx\canvas_widget_renderer\Outline.hpp">
      <Filter>Header Files\TouchGFX\touchgfx\canvas_widget_renderer</Filter>
    </ClInclude>
    <ClInclude Include="$(TouchGFXReleasePath)\framework\include\touchgfx\canvas_widget_renderer\Rasterizer.hpp">
      <Filter>Header Files\TouchGFX\touchgfx\canvas_widget_renderer</Filter>
    </ClInclude>
    <ClInclude Include="$(TouchGFXReleasePath)\framework\include\touchgfx\canvas_widget_renderer\Renderer.hpp">
      <Filter>Header Files\TouchGFX\touchgfx\canvas_widget_renderer</Filter>
    </ClInclude>
    <ClInclude Include="$(TouchGFXReleasePath)\framework\include\touchgfx\canvas_widget_renderer\RenderingBuffer.hpp">
      <Filter>Header Files\TouchGFX\touchgfx\canvas_widget_renderer</Filter>
    </ClInclude>
    <ClInclude Include="$(TouchGFXReleasePath)\framework\include\touchgfx\canvas_widget_renderer\RGBA8.hpp">
      <Filter>Header Files\TouchGFX\touchgfx\canvas_widget_renderer</Filter>
    </ClInclude>
    <ClInclude Include="$(TouchGFXReleasePath)\framework\include\touchgfx\canvas_widget_renderer\Scanline.hpp">
      <Filter>Header Files\TouchGFX\touchgfx\canvas_widget_renderer</Filter>
    </ClInclude>
    <ClInclude Include="$(TouchGFXReleasePath)\framework\include\touchgfx\Color.hpp">
      <Filter>Header Files\TouchGFX\touchgfx</Filter>
    </ClInclude>
    <ClInclude Include="$(TouchGFXReleasePath)\framework\include\touchgfx\ConstFont.hpp">
      <Filter>Header Files\TouchGFX\touchgfx</Filter>
    </ClInclude>
    <ClInclude Include="$(TouchGFXReleasePath)\framework\include\touchgfx\containers\clock\AbstractClock.hpp">
      <Filter>Header Files\TouchGFX\touchgfx\containers\clock</Filter>
    </ClInclude>
    <ClInclude Include="$(TouchGFXReleasePath)\framework\include\touchgfx\containers\clock\AnalogClock.hpp">
      <Filter>Header Files\TouchGFX\touchgfx\containers\clock</Filter>
    </ClInclude>
    <ClInclude Include="$(TouchGFXReleasePath)\framework\include\touchgfx\containers\clock\DigitalClock.hpp">
      <Filter>Header Files\TouchGFX\touchgfx\containers\clock</Filter>
    </ClInclude>
    <ClInclude Include="$(TouchGFXReleasePath)\framework\include\touchgfx\containers\Container.hpp">
      <Filter>Header Files\TouchGFX\touchgfx\containers</Filter>
    </ClInclude>
    <ClInclude Include="$(TouchGFXReleasePath)\framework\include\touchgfx\containers\ListLayout.hpp">
      <Filter>Header Files\TouchGFX\touchgfx\containers</Filter>
    </ClInclude>
    <ClInclude Include="$(TouchGFXReleasePath)\framework\include\touchgfx\containers\ModalWindow.hpp">
      <Filter>Header Files\TouchGFX\touchgfx\containers</Filter>
    </ClInclude>
    <ClInclude Include="$(TouchGFXReleasePath)\framework\include\touchgfx\containers\progress_indicators\AbstractDirectionProgress.hpp">
      <Filter>Header Files\TouchGFX\touchgfx\containers\progress_indicators</Filter>
    </ClInclude>
    <ClInclude Include="$(TouchGFXReleasePath)\framework\include\touchgfx\containers\progress_indicators\AbstractProgressIndicator.hpp">
      <Filter>Header Files\TouchGFX\touchgfx\containers\progress_indicators</Filter>
    </ClInclude>
    <ClInclude Include="$(TouchGFXReleasePath)\framework\include\touchgfx\containers\progress_indicators\BoxProgress.hpp">
      <Filter>Header Files\TouchGFX\touchgfx\containers\progress_indicators</Filter>
    </ClInclude>
    <ClInclude Include="$(TouchGFXReleasePath)\framework\include\touchgfx\containers\progress_indicators\CircleProgress.hpp">
      <Filter>Header Files\TouchGFX\touchgfx\containers\progress_indicators</Filter>
    </ClInclude>
    <ClInclude Include="$(TouchGFXReleasePath)\framework\include\touchgfx\containers\progress_indicators\ImageProgress.hpp">
      <Filter>Header Files\TouchGFX\touchgfx\containers\progress_indicators</Filter>
    </ClInclude>
    <ClInclude Include="$(TouchGFXReleasePath)\framework\include\touchgfx\containers\progress_indicators\LineProgress.hpp">
      <Filter>Header Files\TouchGFX\touchgfx\containers\progress_indicators</Filter>
    </ClInclude>
    <ClInclude Include="$(TouchGFXReleasePath)\framework\include\touchgfx\containers\progress_indicators\TextProgress.hpp">
      <Filter>Header Files\TouchGFX\touchgfx\containers\progress_indicators</Filter>
    </ClInclude>
    <ClInclude Include="$(TouchGFXReleasePath)\framework\include\touchgfx\containers\ScrollableContainer.hpp">
      <Filter>Header Files\TouchGFX\touchgfx\containers</Filter>
    </ClInclude>
    <ClInclude Include="$(TouchGFXReleasePath)\framework\include\touchgfx\containers\SlideMenu.hpp">
      <Filter>Header Files\TouchGFX\touchgfx\containers</Filter>
    </ClInclude>
    <ClInclude Include="$(TouchGFXReleasePath)\framework\include\touchgfx\containers\Slider.hpp">
      <Filter>Header Files\TouchGFX\touchgfx\containers</Filter>
    </ClInclude>
    <ClInclude Include="$(TouchGFXReleasePath)\framework\include\touchgfx\containers\ZoomAnimationImage.hpp">
      <Filter>Header Files\TouchGFX\touchgfx\containers</Filter>
    </ClInclude>
    <ClInclude Include="$(TouchGFXReleasePath)\framework\include\touchgfx\Drawable.hpp">
      <Filter>Header Files\TouchGFX\touchgfx</Filter>
    </ClInclude>
    <ClInclude Include="$(TouchGFXReleasePath)\framework\include\touchgfx\EasingEquations.hpp">
      <Filter>Header Files\TouchGFX\touchgfx</Filter>
    </ClInclude>
    <ClInclude Include="$(TouchGFXReleasePath)\framework\include\touchgfx\Event.hpp">
      <Filter>Header Files\TouchGFX\touchgfx</Filter>
    </ClInclude>
    <ClInclude Include="$(TouchGFXReleasePath)\framework\include\touchgfx\events\ClickEvent.hpp">
      <Filter>Header Files\TouchGFX\touchgfx\events</Filter>
    </ClInclude>
    <ClInclude Include="$(TouchGFXReleasePath)\framework\include\touchgfx\events\DragEvent.hpp">
      <Filter>Header Files\TouchGFX\touchgfx\events</Filter>
    </ClInclude>
    <ClInclude Include="$(TouchGFXReleasePath)\framework\include\touchgfx\events\GestureEvent.hpp">
      <Filter>Header Files\TouchGFX\touchgfx\events</Filter>
    </ClInclude>
    <ClInclude Include="$(TouchGFXReleasePath)\framework\include\touchgfx\Font.hpp">
      <Filter>Header Files\TouchGFX\touchgfx</Filter>
    </ClInclude>
    <ClInclude Include="$(TouchGFXReleasePath)\framework\include\touchgfx\FontManager.hpp">
      <Filter>Header Files\TouchGFX\touchgfx</Filter>
    </ClInclude>
    <ClInclude Include="$(TouchGFXReleasePath)\framework\include\touchgfx\hal\Atomic.hpp">
      <Filter>Header Files\TouchGFX\touchgfx\hal</Filter>
    </ClInclude>
    <ClInclude Include="$(TouchGFXReleasePath)\framework\include\touchgfx\hal\BlitOp.hpp">
      <Filter>Header Files\TouchGFX\touchgfx\hal</Filter>
    </ClInclude>
    <ClInclude Include="$(TouchGFXReleasePath)\framework\include\touchgfx\hal\BoardConfiguration.hpp">
      <Filter>Header Files\TouchGFX\touchgfx\hal</Filter>
    </ClInclude>
    <ClInclude Include="$(TouchGFXReleasePath)\framework\include\touchgfx\hal\Buttons.hpp">
      <Filter>Header Files\TouchGFX\touchgfx\hal</Filter>
    </ClInclude>
    <ClInclude Include="$(TouchGFXReleasePath)\framework\include\touchgfx\hal\Config.hpp">
      <Filter>Header Files\TouchGFX\touchgfx\hal</Filter>
    </ClInclude>
    <ClInclude Include="$(TouchGFXReleasePath)\framework\include\touchgfx\hal\DMA.hpp">
      <Filter>Header Files\TouchGFX\touchgfx\hal</Filter>
    </ClInclude>
    <ClInclude Include="$(TouchGFXReleasePath)\framework\include\touchgfx\hal\Gestures.hpp">
      <Filter>Header Files\TouchGFX\touchgfx\hal</Filter>
    </ClInclude>
    <ClInclude Include="$(TouchGFXReleasePath)\framework\include\touchgfx\hal\GPIO.hpp">
      <Filter>Header Files\TouchGFX\touchgfx\hal</Filter>
    </ClInclude>
    <ClInclude Include="$(TouchGFXReleasePath)\framework\include\touchgfx\hal\HAL.hpp">
      <Filter>Header Files\TouchGFX\touchgfx\hal</Filter>
    </ClInclude>
    <ClInclude Include="$(TouchGFXReleasePath)\framework\include\touchgfx\hal\LED.hpp">
      <Filter>Header Files\TouchGFX\touchgfx\hal</Filter>
    </ClInclude>
    <ClInclude Include="$(TouchGFXReleasePath)\framework\include\touchgfx\hal\NoDMA.hpp">
      <Filter>Header Files\TouchGFX\touchgfx\hal</Filter>
    </ClInclude>
    <ClInclude Include="$(TouchGFXReleasePath)\framework\include\touchgfx\hal\OSWrappers.hpp">
      <Filter>Header Files\TouchGFX\touchgfx\hal</Filter>
    </ClInclude>
    <ClInclude Include="$(TouchGFXReleasePath)\framework\include\touchgfx\hal\Types.hpp">
      <Filter>Header Files\TouchGFX\touchgfx\hal</Filter>
    </ClInclude>
    <ClInclude Include="$(TouchGFXReleasePath)\framework\include\touchgfx\InternalFlashFont.hpp">
      <Filter>Header Files\TouchGFX\touchgfx</Filter>
    </ClInclude>
    <ClInclude Include="$(TouchGFXReleasePath)\framework\include\touchgfx\JSMOCHelper.hpp">
      <Filter>Header Files\TouchGFX\touchgfx</Filter>
    </ClInclude>
    <ClInclude Include="$(TouchGFXReleasePath)\framework\include\touchgfx\lcd\LCD.hpp">
      <Filter>Header Files\TouchGFX\touchgfx\lcd</Filter>
    </ClInclude>
    <ClInclude Include="$(TouchGFXReleasePath)\framework\include\touchgfx\Math3D.hpp">
      <Filter>Header Files\TouchGFX\touchgfx</Filter>
    </ClInclude>
    <ClInclude Include="$(TouchGFXReleasePath)\framework\include\touchgfx\mixins\ClickListener.hpp">
      <Filter>Header Files\TouchGFX\touchgfx\mixins</Filter>
    </ClInclude>
    <ClInclude Include="$(TouchGFXReleasePath)\framework\include\touchgfx\mixins\Draggable.hpp">
      <Filter>Header Files\TouchGFX\touchgfx\mixins</Filter>
    </ClInclude>
    <ClInclude Include="$(TouchGFXReleasePath)\framework\include\touchgfx\mixins\FadeAnimator.hpp">
      <Filter>Header Files\TouchGFX\touchgfx\mixins</Filter>
    </ClInclude>
    <ClInclude Include="$(TouchGFXReleasePath)\framework\include\touchgfx\mixins\MoveAnimator.hpp">
      <Filter>Header Files\TouchGFX\touchgfx\mixins</Filter>
    </ClInclude>
    <ClInclude Include="$(TouchGFXReleasePath)\framework\include\touchgfx\mixins\PreRenderable.hpp">
      <Filter>Header Files\TouchGFX\touchgfx\mixins</Filter>
    </ClInclude>
    <ClInclude Include="$(TouchGFXReleasePath)\framework\include\touchgfx\mixins\Snapper.hpp">
      <Filter>Header Files\TouchGFX\touchgfx\mixins</Filter>
    </ClInclude>
    <ClInclude Include="$(TouchGFXReleasePath)\framework\include\touchgfx\Screen.hpp">
      <Filter>Header Files\TouchGFX\touchgfx</Filter>
    </ClInclude>
    <ClInclude Include="$(TouchGFXReleasePath)\framework\include\touchgfx\TextProvider.hpp">
      <Filter>Header Files\TouchGFX\touchgfx</Filter>
    </ClInclude>
    <ClInclude Include="$(TouchGFXReleasePath)\framework\include\touchgfx\Texts.hpp">
      <Filter>Header Files\TouchGFX\touchgfx</Filter>
    </ClInclude>
    <ClInclude Include="$(TouchGFXReleasePath)\framework\include\touchgfx\TextureMapTypes.hpp">
      <Filter>Header Files\TouchGFX\touchgfx</Filter>
    </ClInclude>
    <ClInclude Include="$(TouchGFXReleasePath)\framework\include\touchgfx\transforms\DisplayTransformation.hpp">
      <Filter>Header Files\TouchGFX\touchgfx\transforms</Filter>
    </ClInclude>
    <ClInclude Include="$(TouchGFXReleasePath)\framework\include\touchgfx\transforms\TouchCalibration.hpp">
      <Filter>Header Files\TouchGFX\touchgfx\transforms</Filter>
    </ClInclude>
    <ClInclude Include="$(TouchGFXReleasePath)\framework\include\touchgfx\transitions\NoTransition.hpp">
      <Filter>Header Files\TouchGFX\touchgfx\transitions</Filter>
    </ClInclude>
    <ClInclude Include="$(TouchGFXReleasePath)\framework\include\touchgfx\transitions\SlideTransition.hpp">
      <Filter>Header Files\TouchGFX\touchgfx\transitions</Filter>
    </ClInclude>
    <ClInclude Include="$(TouchGFXReleasePath)\framework\include\touchgfx\transitions\Transition.hpp">
      <Filter>Header Files\TouchGFX\touchgfx\transitions</Filter>
    </ClInclude>
    <ClInclude Include="$(TouchGFXReleasePath)\framework\include\touchgfx\TypedText.hpp">
      <Filter>Header Files\TouchGFX\touchgfx</Filter>
    </ClInclude>
    <ClInclude Include="$(TouchGFXReleasePath)\framework\include\touchgfx\UIEventListener.hpp">
      <Filter>Header Files\TouchGFX\touchgfx</Filter>
    </ClInclude>
    <ClInclude Include="$(TouchGFXReleasePath)\framework\include\touchgfx\Unicode.hpp">
      <Filter>Header Files\TouchGFX\touchgfx</Filter>
    </ClInclude>
    <ClInclude Include="$(TouchGFXReleasePath)\framework\include\touchgfx\Utils.hpp">
      <Filter>Header Files\TouchGFX\touchgfx</Filter>
    </ClInclude>
    <ClInclude Include="$(TouchGFXReleasePath)\framework\include\touchgfx\widgets\AbstractButton.hpp">
      <Filter>Header Files\TouchGFX\touchgfx\widgets</Filter>
    </ClInclude>
    <ClInclude Include="$(TouchGFXReleasePath)\framework\include\touchgfx\widgets\AnimatedImage.hpp">
      <Filter>Header Files\TouchGFX\touchgfx\widgets</Filter>
    </ClInclude>
    <ClInclude Include="$(TouchGFXReleasePath)\framework\include\touchgfx\widgets\AnimationTextureMapper.hpp">
      <Filter>Header Files\TouchGFX\touchgfx\widgets</Filter>
    </ClInclude>
    <ClInclude Include="$(TouchGFXReleasePath)\framework\include\touchgfx\widgets\Box.hpp">
      <Filter>Header Files\TouchGFX\touchgfx\widgets</Filter>
    </ClInclude>
    <ClInclude Include="$(TouchGFXReleasePath)\framework\include\touchgfx\widgets\Button.hpp">
      <Filter>Header Files\TouchGFX\touchgfx\widgets</Filter>
    </ClInclude>
    <ClInclude Include="$(TouchGFXReleasePath)\framework\include\touchgfx\widgets\ButtonWithIcon.hpp">
      <Filter>Header Files\TouchGFX\touchgfx\widgets</Filter>
    </ClInclude>
    <ClInclude Include="$(TouchGFXReleasePath)\framework\include\touchgfx\widgets\ButtonWithLabel.hpp">
      <Filter>Header Files\TouchGFX\touchgfx\widgets</Filter>
    </ClInclude>
    <ClInclude Include="$(TouchGFXReleasePath)\framework\include\touchgfx\widgets\canvas\AbstractPainter.hpp">
      <Filter>Header Files\TouchGFX\touchgfx\widgets\canvas</Filter>
    </ClInclude>
    <ClInclude Include="$(TouchGFXReleasePath)\framework\include\touchgfx\widgets\canvas\AbstractPainterBW.hpp">
      <Filter>Header Files\TouchGFX\touchgfx\widgets\canvas</Filter>
    </ClInclude>
    <ClInclude Include="$(TouchGFXReleasePath)\framework\include\touchgfx\widgets\canvas\AbstractPainterGRAY2.hpp">
      <Filter>Header Files\TouchGFX\touchgfx\widgets\canvas</Filter>
    </ClInclude>
    <ClInclude Include="$(TouchGFXReleasePath)\framework\include\touchgfx\widgets\canvas\AbstractPainterGRAY4.hpp">
      <Filter>Header Files\TouchGFX\touchgfx\widgets\canvas</Filter>
    </ClInclude>
    <ClInclude Include="$(TouchGFXReleasePath)\framework\include\touchgfx\widgets\canvas\AbstractPainterRGB565.hpp">
      <Filter>Header Files\TouchGFX\touchgfx\widgets\canvas</Filter>
    </ClInclude>
    <ClInclude Include="$(TouchGFXReleasePath)\framework\include\touchgfx\widgets\canvas\AbstractPainterRGB888.hpp">
      <Filter>Header Files\TouchGFX\touchgfx\widgets\canvas</Filter>
    </ClInclude>
    <ClInclude Include="$(TouchGFXReleasePath)\framework\include\touchgfx\widgets\canvas\AbstractShape.hpp">
      <Filter>Header Files\TouchGFX\touchgfx\widgets\canvas</Filter>
    </ClInclude>
    <ClInclude Include="$(TouchGFXReleasePath)\framework\include\touchgfx\widgets\canvas\Canvas.hpp">
      <Filter>Header Files\TouchGFX\touchgfx\widgets\canvas</Filter>
    </ClInclude>
    <ClInclude Include="$(TouchGFXReleasePath)\framework\include\touchgfx\widgets\canvas\CanvasWidget.hpp">
      <Filter>Header Files\TouchGFX\touchgfx\widgets\canvas</Filter>
    </ClInclude>
    <ClInclude Include="$(TouchGFXReleasePath)\framework\include\touchgfx\widgets\canvas\Circle.hpp">
      <Filter>Header Files\TouchGFX\touchgfx\widgets\canvas</Filter>
    </ClInclude>
    <ClInclude Include="$(TouchGFXReleasePath)\framework\include\touchgfx\widgets\canvas\CWRUtil.hpp">
      <Filter>Header Files\TouchGFX\touchgfx\widgets\canvas</Filter>
    </ClInclude>
    <ClInclude Include="$(TouchGFXReleasePath)\framework\include\touchgfx\widgets\canvas\Line.hpp">
      <Filter>Header Files\TouchGFX\touchgfx\widgets\canvas</Filter>
    </ClInclude>
    <ClInclude Include="$(TouchGFXReleasePath)\framework\include\touchgfx\widgets\canvas\PainterBW.hpp">
      <Filter>Header Files\TouchGFX\touchgfx\widgets\canvas</Filter>
    </ClInclude>
    <ClInclude Include="$(TouchGFXReleasePath)\framework\include\touchgfx\widgets\canvas\PainterGRAY2.hpp">
      <Filter>Header Files\TouchGFX\touchgfx\widgets\canvas</Filter>
    </ClInclude>
    <ClInclude Include="$(TouchGFXReleasePath)\framework\include\touchgfx\widgets\canvas\PainterGRAY2Bitmap.hpp">
      <Filter>Header Files\TouchGFX\touchgfx\widgets\canvas</Filter>
    </ClInclude>
    <ClInclude Include="$(TouchGFXReleasePath)\framework\include\touchgfx\widgets\canvas\PainterGRAY4.hpp">
      <Filter>Header Files\TouchGFX\touchgfx\widgets\canvas</Filter>
    </ClInclude>
    <ClInclude Include="$(TouchGFXReleasePath)\framework\include\touchgfx\widgets\canvas\PainterGRAY4Bitmap.hpp">
      <Filter>Header Files\TouchGFX\touchgfx\widgets\canvas</Filter>
    </ClInclude>
    <ClInclude Include="$(TouchGFXReleasePath)\framework\include\touchgfx\widgets\canvas\PainterRGB565.hpp">
      <Filter>Header Files\TouchGFX\touchgfx\widgets\canvas</Filter>
    </ClInclude>
    <ClInclude Include="$(TouchGFXReleasePath)\framework\include\touchgfx\widgets\canvas\PainterRGB565Bitmap.hpp">
      <Filter>Header Files\TouchGFX\touchgfx\widgets\canvas</Filter>
    </ClInclude>
    <ClInclude Include="$(TouchGFXReleasePath)\framework\include\touchgfx\widgets\canvas\PainterRGB888.hpp">
      <Filter>Header Files\TouchGFX\touchgfx\widgets\canvas</Filter>
    </ClInclude>
    <ClInclude Include="$(TouchGFXReleasePath)\framework\include\touchgfx\widgets\canvas\PainterRGB888Bitmap.hpp">
      <Filter>Header Files\TouchGFX\touchgfx\widgets\canvas</Filter>
    </ClInclude>
    <ClInclude Include="$(TouchGFXReleasePath)\framework\include\touchgfx\widgets\canvas\Shape.hpp">
      <Filter>Header Files\TouchGFX\touchgfx\widgets\canvas</Filter>
    </ClInclude>
    <ClInclude Include="$(TouchGFXReleasePath)\framework\include\touchgfx\widgets\Image.hpp">
      <Filter>Header Files\TouchGFX\touchgfx\widgets</Filter>
    </ClInclude>
    <ClInclude Include="$(TouchGFXReleasePath)\framework\include\touchgfx\widgets\Keyboard.hpp">
      <Filter>Header Files\TouchGFX\touchgfx\widgets</Filter>
    </ClInclude>
    <ClInclude Include="$(TouchGFXReleasePath)\framework\include\touchgfx\widgets\PixelDataWidget.hpp">
      <Filter>Header Files\TouchGFX\touchgfx\widgets</Filter>
    </ClInclude>
    <ClInclude Include="$(TouchGFXReleasePath)\framework\include\touchgfx\widgets\RadioButton.hpp">
      <Filter>Header Files\TouchGFX\touchgfx\widgets</Filter>
    </ClInclude>
    <ClInclude Include="$(TouchGFXReleasePath)\framework\include\touchgfx\widgets\RadioButtonGroup.hpp">
      <Filter>Header Files\TouchGFX\touchgfx\widgets</Filter>
    </ClInclude>
    <ClInclude Include="$(TouchGFXReleasePath)\framework\include\touchgfx\widgets\RepeatButton.hpp">
      <Filter>Header Files\TouchGFX\touchgfx\widgets</Filter>
    </ClInclude>
    <ClInclude Include="$(TouchGFXReleasePath)\framework\include\touchgfx\widgets\ScalableImage.hpp">
      <Filter>Header Files\TouchGFX\touchgfx\widgets</Filter>
    </ClInclude>
    <ClInclude Include="$(TouchGFXReleasePath)\framework\include\touchgfx\widgets\SnapshotWidget.hpp">
      <Filter>Header Files\TouchGFX\touchgfx\widgets</Filter>
    </ClInclude>
    <ClInclude Include="$(TouchGFXReleasePath)\framework\include\touchgfx\widgets\TextArea.hpp">
      <Filter>Header Files\TouchGFX\touchgfx\widgets</Filter>
    </ClInclude>
    <ClInclude Include="$(TouchGFXReleasePath)\framework\include\touchgfx\widgets\TextAreaWithWildcard.hpp">
      <Filter>Header Files\TouchGFX\touchgfx\widgets</Filter>
    </ClInclude>
    <ClInclude Include="$(TouchGFXReleasePath)\framework\include\touchgfx\widgets\TextureMapper.hpp">
      <Filter>Header Files\TouchGFX\touchgfx\widgets</Filter>
    </ClInclude>
    <ClInclude Include="$(TouchGFXReleasePath)\framework\include\touchgfx\widgets\TiledImage.hpp">
      <Filter>Header Files\TouchGFX\touchgfx\widgets</Filter>
    </ClInclude>
    <ClInclude Include="$(TouchGFXReleasePath)\framework\include\touchgfx\widgets\ToggleButton.hpp">
      <Filter>Header Files\TouchGFX\touchgfx\widgets</Filter>
    </ClInclude>
    <ClInclude Include="$(TouchGFXReleasePath)\framework\include\touchgfx\widgets\TouchArea.hpp">
      <Filter>Header Files\TouchGFX\touchgfx\widgets</Filter>
    </ClInclude>
    <ClInclude Include="$(TouchGFXReleasePath)\framework\include\touchgfx\widgets\Widget.hpp">
      <Filter>Header Files\TouchGFX\touchgfx\widgets</Filter>
    </ClInclude>
    <ClInclude Include="..\..\gui\include\gui\common\FrontendApplication.hpp">
      <Filter>Header Files\gui\common</Filter>
    </ClInclude>
    <ClInclude Include="..\..\generated\gui_generated\include\gui_generated\common\FrontendApplicationBase.hpp">
      <Filter>Header Files\generated\gui_generated\common</Filter>
    </ClInclude>
    <ClInclude Include="..\..\gui\include\gui\common\FrontendHeap.hpp">
      <Filter>Header Files\gui\common</Filter>
    </ClInclude>
    <ClInclude Include="..\..\generated\gui_generated\include\gui_generated\common\FrontendHeapBase.hpp">
      <Filter>Header Files\generated\gui_generated\common</Filter>
    </ClInclude>
    <ClInclude Include="..\..\generated\gui_generated\include\gui_generated\common\SimConstants.hpp">
      <Filter>Header Files\generated\gui_generated\common</Filter>
    </ClInclude>
    <ClInclude Include="..\..\gui\include\gui\screen_main_screen\Screen_MainPresenter.hpp">
      <Filter>Header Files\gui\screen_main_screen</Filter>
    </ClInclude>
    <ClInclude Include="..\..\gui\include\gui\screen_main_screen\Screen_MainView.hpp">
      <Filter>Header Files\gui\screen_main_screen</Filter>
    </ClInclude>
    <ClInclude Include="..\..\generated\gui_generated\include\gui_generated\screen_main_screen\Screen_MainViewBase.hpp">
      <Filter>Header Files\generated\gui_generated\screen_main_screen</Filter>
    </ClInclude>
    <ClInclude Include="..\..\gui\include\gui\model\Model.hpp">
      <Filter>Header Files\gui\model</Filter>
    </ClInclude>
    <ClInclude Include="..\..\gui\include\gui\model\ModelListener.hpp">
      <Filter>Header Files\gui\model</Filter>
    </ClInclude>
    <ClInclude Include="..\..\gui\include\gui\template_screen\TemplatePresenter.hpp">
      <Filter>Header Files\gui\template_screen</Filter>
    </ClInclude>
    <ClInclude Include="..\..\gui\include\gui\template_screen\TemplateView.hpp">
      <Filter>Header Files\gui\template_screen</Filter>
    </ClInclude>
    <ClInclude Include="..\..\generated\gui_generated\include\gui_generated\template_screen\TemplateViewBase.hpp">
      <Filter>Header Files\generated\gui_generated\template_screen</Filter>
    </ClInclude>
    <ClInclude Include="..\..\gui\include\gui\common\AbstractGraph.hpp">
      <Filter>Header Files\gui\common</Filter>
    </ClInclude>
    <ClInclude Include="..\..\gui\include\gui\common\Graph.hpp">
      <Filter>Header Files\gui\common</Filter>
    </ClInclude>
    <ClInclude Include="..\..\gui\include\gui\common\GraphLine.hpp">
      <Filter>Header Files\gui\common</Filter>
    </ClInclude>
    <ClInclude Include="..\..\gui\include\UART_Frame_Struct.h">
      <Filter>Source Files\gui\include</Filter>
    </ClInclude>
    <ClInclude Include="..\..\gui\include\gui\screen_module1_settings_screen\Screen_Module1_SettingsPresenter.hpp">
      <Filter>Header Files\gui\screen_module1_settings_screen</Filter>
    </ClInclude>
    <ClInclude Include="..\..\gui\include\gui\screen_module1_settings_screen\Screen_Module1_SettingsView.hpp">
      <Filter>Header Files\gui\screen_module1_settings_screen</Filter>
    </ClInclude>
    <ClInclude Include="..\..\generated\gui_generated\include\gui_generated\screen_module1_settings_screen\Screen_Module1_SettingsViewBase.hpp">
      <Filter>Header Files\generated\gui_generated\screen_module1_settings_screen</Filter>
    </ClInclude>
    <ClInclude Include="..\..\gui\include\gui\screen_module1_graph_screen\Screen_Module1_GraphPresenter.hpp">
      <Filter>Header Files\gui\screen_module1_graph_screen</Filter>
    </ClInclude>
    <ClInclude Include="..\..\gui\include\gui\screen_module1_graph_screen\Screen_Module1_GraphView.hpp">
      <Filter>Header Files\gui\screen_module1_graph_screen</Filter>
    </ClInclude>
    <ClInclude Include="..\..\generated\gui_generated\include\gui_generated\screen_module1_graph_screen\Screen_Module1_GraphViewBase.hpp">
      <Filter>Header Files\generated\gui_generated\screen_module1_graph_screen</Filter>
    </ClInclude>
    <ClInclude Include="..\..\gui\include\gui\screen_module1_data_screen\Screen_Module1_DataPresenter.hpp">
      <Filter>Header Files\gui\screen_module1_data_screen</Filter>
    </ClInclude>
    <ClInclude Include="..\..\gui\include\gui\screen_module1_data_screen\Screen_Module1_DataView.hpp">
      <Filter>Header Files\gui\screen_module1_data_screen</Filter>
    </ClInclude>
    <ClInclude Include="..\..\generated\gui_generated\include\gui_generated\screen_module1_data_screen\Screen_Module1_DataViewBase.hpp">
      <Filter>Header Files\generated\gui_generated\screen_module1_data_screen</Filter>
    </ClInclude>
    <ClInclude Include="..\..\gui\include\gui\screen_module2_data_screen\Screen_Module2_DataPresenter.hpp">
      <Filter>Header Files\gui\screen_module2_data_screen</Filter>
    </ClInclude>
    <ClInclude Include="..\..\gui\include\gui\screen_module2_data_screen\Screen_Module2_DataView.hpp">
      <Filter>Header Files\gui\screen_module2_data_screen</Filter>
    </ClInclude>
    <ClInclude Include="..\..\generated\gui_generated\include\gui_generated\screen_module2_data_screen\Screen_Module2_DataViewBase.hpp">
      <Filter>Header Files\generated\gui_generated\screen_module2_data_screen</Filter>
    </ClInclude>
    <ClInclude Include="..\..\gui\include\gui\screen_module2_settings_screen\Screen_Module2_SettingsPresenter.hpp">
      <Filter>Header Files\gui\screen_module2_settings_screen</Filter>
    </ClInclude>
    <ClInclude Include="..\..\gui\include\gui\screen_module2_settings_screen\Screen_Module2_SettingsView.hpp">
      <Filter>Header Files\gui\screen_module2_settings_screen</Filter>
    </ClInclude>
    <ClInclude Include="..\..\generated\gui_generated\include\gui_generated\screen_module2_settings_screen\Screen_Module2_SettingsViewBase.hpp">
      <Filter>Header Files\generated\gui_generated\screen_module2_settings_screen</Filter>
    </ClInclude>
    <ClInclude Include="..\..\gui\include\gui\screen_module2_graph_screen\Screen_Module2_GraphPresenter.hpp">
      <Filter>Header Files\gui\screen_module2_graph_screen</Filter>
    </ClInclude>
    <ClInclude Include="..\..\gui\include\gui\screen_module2_graph_screen\Screen_Module2_GraphView.hpp">
      <Filter>Header Files\gui\screen_module2_graph_screen</Filter>
    </ClInclude>
    <ClInclude Include="..\..\generated\gui_generated\include\gui_generated\screen_module2_graph_screen\Screen_Module2_GraphViewBase.hpp">
      <Filter>Header Files\generated\gui_generated\screen_module2_graph_screen</Filter>
    </ClInclude>
    <ClInclude Include="..\..\gui\include\gui\screen_uart_rx_debug_screen\Screen_UART_RX_DebugPresenter.hpp">
      <Filter>Header Files\gui\screen_uart_rx_debug_screen</Filter>
    </ClInclude>
    <ClInclude Include="..\..\gui\include\gui\screen_uart_rx_debug_screen\Screen_UART_RX_DebugView.hpp">
      <Filter>Header Files\gui\screen_uart_rx_debug_screen</Filter>
    </ClInclude>
    <ClInclude Include="..\..\generated\gui_generated\include\gui_generated\screen_uart_rx_debug_screen\Screen_UART_RX_DebugViewBase.hpp">
      <Filter>Header Files\generated\gui_generated\screen_uart_rx_debug_screen</Filter>
    </ClInclude>
    <ClInclude Include="..\..\gui\include\gui\screen_module1_info_screen\Screen_Module1_InfoPresenter.hpp">
      <Filter>Header Files\gui\screen_module1_info_screen</Filter>
    </ClInclude>
    <ClInclude Include="..\..\gui\include\gui\screen_module1_info_screen\Screen_Module1_InfoView.hpp">
      <Filter>Header Files\gui\screen_module1_info_screen</Filter>
    </ClInclude>
    <ClInclude Include="..\..\generated\gui_generated\include\gui_generated\screen_module1_info_screen\Screen_Module1_InfoViewBase.hpp">
      <Filter>Header Files\generated\gui_generated\screen_module1_info_screen</Filter>
    </ClInclude>
    <ClInclude Include="..\..\gui\include\gui\screen_module1_signals_screen\Screen_Module1_SignalsPresenter.hpp">
      <Filter>Header Files\gui\screen_module1_signals_screen</Filter>
    </ClInclude>
    <ClInclude Include="..\..\gui\include\gui\screen_module1_signals_screen\Screen_Module1_SignalsView.hpp">
      <Filter>Header Files\gui\screen_module1_signals_screen</Filter>
    </ClInclude>
    <ClInclude Include="..\..\generated\gui_generated\include\gui_generated\screen_module1_signals_screen\Screen_Module1_SignalsViewBase.hpp">
      <Filter>Header Files\generated\gui_generated\screen_module1_signals_screen</Filter>
    </ClInclude>
    <ClInclude Include="..\..\target\bsp\source\vendor\STM32469I-Discovery\stm32469i_discovery.h">
      <Filter>Header Files</Filter>
    </ClInclude>
    <ClInclude Include="..\..\gui\include\gui\screen1_screen\Screen1Presenter.hpp">
      <Filter>Header Files\gui\screen1_screen</Filter>
    </ClInclude>
    <ClInclude Include="..\..\gui\include\gui\screen1_screen\Screen1View.hpp">
      <Filter>Header Files\gui\screen1_screen</Filter>
    </ClInclude>
    <ClInclude Include="..\..\generated\gui_generated\include\gui_generated\screen1_screen\Screen1ViewBase.hpp">
      <Filter>Header Files\generated\gui_generated\screen1_screen</Filter>
    </ClInclude>
    <ClInclude Include="..\..\gui\include\gui\containers\DigitContainer.hpp">
      <Filter>Header Files\gui\containers</Filter>
    </ClInclude>
    <ClInclude Include="..\..\gui\include\gui\containers\DigitTemplate.hpp">
      <Filter>Header Files\gui\containers</Filter>
    </ClInclude>
    <ClInclude Include="..\..\generated\gui_generated\include\gui_generated\containers\DigitTemplateBase.hpp">
      <Filter>Header Files\generated\gui_generated\containers</Filter>
    </ClInclude>
    <ClInclude Include="..\..\gui\include\crc32.h">
      <Filter>Source Files\gui\include</Filter>
    </ClInclude>
    <ClInclude Include="..\..\gui\include\init.h">
      <Filter>Source Files\gui\include</Filter>
    </ClInclude>
    <ClInclude Include="..\..\gui\include\utilities.h">
      <Filter>Source Files\gui\include</Filter>
    </ClInclude>
  </ItemGroup>
  <ItemGroup>
    <ResourceCompile Include="..\touchgfx.rc">
      <Filter>Resource Files</Filter>
    </ResourceCompile>
  </ItemGroup>
</Project>
